
Microsoft Visual Studio Solution File, Format Version 12.00
# Visual Studio 14
VisualStudioVersion = 14.0.25420.1
MinimumVisualStudioVersion = 10.0.40219.1
Project("{FAE04EC0-301F-11D3-BF4B-00C04F79EFBC}") = "DbModel", "DbModel\DbModel.csproj", "{079FF11A-5AB0-45FB-B20F-5E241F349207}"
EndProject
Project("{FAE04EC0-301F-11D3-BF4B-00C04F79EFBC}") = "Sign Language Capture Kinect", "Sign Language Capture Kinect\Sign Language Capture Kinect.csproj", "{5FC7DB9D-C2E6-4B62-AB62-958CDA1BD62F}"
EndProject
Global
	GlobalSection(SolutionConfigurationPlatforms) = preSolution
		Debug|Any CPU = Debug|Any CPU
		Release|Any CPU = Release|Any CPU
	EndGlobalSection
	GlobalSection(ProjectConfigurationPlatforms) = postSolution
		{079FF11A-5AB0-45FB-B20F-5E241F349207}.Debug|Any CPU.ActiveCfg = Debug|Any CPU
		{079FF11A-5AB0-45FB-B20F-5E241F349207}.Debug|Any CPU.Build.0 = Debug|Any CPU
		{079FF11A-5AB0-45FB-B20F-5E241F349207}.Release|Any CPU.ActiveCfg = Release|Any CPU
		{079FF11A-5AB0-45FB-B20F-5E241F349207}.Release|Any CPU.Build.0 = Release|Any CPU
		{5FC7DB9D-C2E6-4B62-AB62-958CDA1BD62F}.Debug|Any CPU.ActiveCfg = Debug|Any CPU
		{5FC7DB9D-C2E6-4B62-AB62-958CDA1BD62F}.Debug|Any CPU.Build.0 = Debug|Any CPU
		{5FC7DB9D-C2E6-4B62-AB62-958CDA1BD62F}.Release|Any CPU.ActiveCfg = Release|Any CPU
		{5FC7DB9D-C2E6-4B62-AB62-958CDA1BD62F}.Release|Any CPU.Build.0 = Release|Any CPU
	EndGlobalSection
	GlobalSection(SolutionProperties) = preSolution
		HideSolutionNode = FALSE
	EndGlobalSection
EndGlobal
